
Microsoft Visual Studio Solution File, Format Version 12.00
# Visual Studio Version 17
VisualStudioVersion = 17.10.35122.118
MinimumVisualStudioVersion = 10.0.40219.1
Project("{9A19103F-16F7-4668-BE54-9A1E7A4F7556}") = "ToDoApp", "ToDoApp\ToDoApp.csproj", "{C78A5442-7ECA-40A5-B6A8-15B742C6426B}"
EndProject
Project("{9A19103F-16F7-4668-BE54-9A1E7A4F7556}") = "ToDoApp.Infrastructure", "ToDoApp.Infrastructure\ToDoApp.Infrastructure.csproj", "{BDBF4C8C-BF15-4FD1-8CB7-A8E62E5861F0}"
EndProject
Project("{9A19103F-16F7-4668-BE54-9A1E7A4F7556}") = "ToDoApp.Core", "ToDoApp.Core\ToDoApp.Core.csproj", "{3E9503AD-966B-4B31-8FE3-8C702F76B162}"
EndProject
Project("{FAE04EC0-301F-11D3-BF4B-00C04F79EFBC}") = "ToDoApp.Tests", "ToDoApp.Tests\ToDoApp.Tests.csproj", "{3D07FD19-270A-469F-AD87-AB0ED39DAA6D}"
EndProject
Global
	GlobalSection(SolutionConfigurationPlatforms) = preSolution
		Debug|Any CPU = Debug|Any CPU
		Release|Any CPU = Release|Any CPU
	EndGlobalSection
	GlobalSection(ProjectConfigurationPlatforms) = postSolution
		{C78A5442-7ECA-40A5-B6A8-15B742C6426B}.Debug|Any CPU.ActiveCfg = Debug|Any CPU
		{C78A5442-7ECA-40A5-B6A8-15B742C6426B}.Debug|Any CPU.Build.0 = Debug|Any CPU
		{C78A5442-7ECA-40A5-B6A8-15B742C6426B}.Release|Any CPU.ActiveCfg = Release|Any CPU
		{C78A5442-7ECA-40A5-B6A8-15B742C6426B}.Release|Any CPU.Build.0 = Release|Any CPU
		{BDBF4C8C-BF15-4FD1-8CB7-A8E62E5861F0}.Debug|Any CPU.ActiveCfg = Debug|Any CPU
		{BDBF4C8C-BF15-4FD1-8CB7-A8E62E5861F0}.Debug|Any CPU.Build.0 = Debug|Any CPU
		{BDBF4C8C-BF15-4FD1-8CB7-A8E62E5861F0}.Release|Any CPU.ActiveCfg = Release|Any CPU
		{BDBF4C8C-BF15-4FD1-8CB7-A8E62E5861F0}.Release|Any CPU.Build.0 = Release|Any CPU
		{3E9503AD-966B-4B31-8FE3-8C702F76B162}.Debug|Any CPU.ActiveCfg = Debug|Any CPU
		{3E9503AD-966B-4B31-8FE3-8C702F76B162}.Debug|Any CPU.Build.0 = Debug|Any CPU
		{3E9503AD-966B-4B31-8FE3-8C702F76B162}.Release|Any CPU.ActiveCfg = Release|Any CPU
		{3E9503AD-966B-4B31-8FE3-8C702F76B162}.Release|Any CPU.Build.0 = Release|Any CPU
		{3D07FD19-270A-469F-AD87-AB0ED39DAA6D}.Debug|Any CPU.ActiveCfg = Debug|Any CPU
		{3D07FD19-270A-469F-AD87-AB0ED39DAA6D}.Debug|Any CPU.Build.0 = Debug|Any CPU
		{3D07FD19-270A-469F-AD87-AB0ED39DAA6D}.Release|Any CPU.ActiveCfg = Release|Any CPU
		{3D07FD19-270A-469F-AD87-AB0ED39DAA6D}.Release|Any CPU.Build.0 = Release|Any CPU
	EndGlobalSection
	GlobalSection(SolutionProperties) = preSolution
		HideSolutionNode = FALSE
	EndGlobalSection
	GlobalSection(ExtensibilityGlobals) = postSolution
		SolutionGuid = {E6DBB922-EDBB-4868-9036-C1C6522C721C}
	EndGlobalSection
EndGlobal
